
Microsoft Visual Studio Solution File, Format Version 12.00
# Visual Studio Version 17
VisualStudioVersion = 17.8.34330.188
MinimumVisualStudioVersion = 10.0.40219.1
Project("{FAE04EC0-301F-11D3-BF4B-00C04F79EFBC}") = "GameEngine", "GameEngine\GameEngine.csproj", "{612EC860-5B3D-4B27-8E3F-4FABB68A6FA5}"
EndProject
Project("{FAE04EC0-301F-11D3-BF4B-00C04F79EFBC}") = "Server", "Server\Server.csproj", "{36E1E1C1-290E-4B90-95FD-61BAD11AF3CB}"
EndProject
Global
	GlobalSection(SolutionConfigurationPlatforms) = preSolution
		Debug|Any CPU = Debug|Any CPU
		Release|Any CPU = Release|Any CPU
	EndGlobalSection
	GlobalSection(ProjectConfigurationPlatforms) = postSolution
		{612EC860-5B3D-4B27-8E3F-4FABB68A6FA5}.Debug|Any CPU.ActiveCfg = Debug|Any CPU
		{612EC860-5B3D-4B27-8E3F-4FABB68A6FA5}.Debug|Any CPU.Build.0 = Debug|Any CPU
		{612EC860-5B3D-4B27-8E3F-4FABB68A6FA5}.Release|Any CPU.ActiveCfg = Release|Any CPU
		{612EC860-5B3D-4B27-8E3F-4FABB68A6FA5}.Release|Any CPU.Build.0 = Release|Any CPU
		{36E1E1C1-290E-4B90-95FD-61BAD11AF3CB}.Debug|Any CPU.ActiveCfg = Debug|Any CPU
		{36E1E1C1-290E-4B90-95FD-61BAD11AF3CB}.Debug|Any CPU.Build.0 = Debug|Any CPU
		{36E1E1C1-290E-4B90-95FD-61BAD11AF3CB}.Release|Any CPU.ActiveCfg = Release|Any CPU
		{36E1E1C1-290E-4B90-95FD-61BAD11AF3CB}.Release|Any CPU.Build.0 = Release|Any CPU
	EndGlobalSection
	GlobalSection(SolutionProperties) = preSolution
		HideSolutionNode = FALSE
	EndGlobalSection
	GlobalSection(ExtensibilityGlobals) = postSolution
		SolutionGuid = {5CC65EEB-29FB-48AE-9086-70ED0024CBC0}
	EndGlobalSection
EndGlobal
