
Microsoft Visual Studio Solution File, Format Version 12.00
# Visual Studio Version 17
VisualStudioVersion = 17.8.34330.188
MinimumVisualStudioVersion = 10.0.40219.1
Project("{9A19103F-16F7-4668-BE54-9A1E7A4F7556}") = "GameEngine", "GameEngine\GameEngine.csproj", "{612EC860-5B3D-4B27-8E3F-4FABB68A6FA5}"
EndProject
Project("{9A19103F-16F7-4668-BE54-9A1E7A4F7556}") = "Server", "Server\Server.csproj", "{36E1E1C1-290E-4B90-95FD-61BAD11AF3CB}"
	ProjectSection(ProjectDependencies) = postProject
		{2F954A2C-1383-4808-84F3-CC59E084D5BB} = {2F954A2C-1383-4808-84F3-CC59E084D5BB}
		{612EC860-5B3D-4B27-8E3F-4FABB68A6FA5} = {612EC860-5B3D-4B27-8E3F-4FABB68A6FA5}
	EndProjectSection
EndProject
Project("{9A19103F-16F7-4668-BE54-9A1E7A4F7556}") = "GameEngineTests", "GameEngineTests\GameEngineTests.csproj", "{B3D4D530-1F26-4451-B1D8-521CFAA0B231}"
EndProject
Project("{FAE04EC0-301F-11D3-BF4B-00C04F79EFBC}") = "Connections", "Connections\Connections.csproj", "{2F954A2C-1383-4808-84F3-CC59E084D5BB}"
EndProject
Global
	GlobalSection(SolutionConfigurationPlatforms) = preSolution
		Debug|Any CPU = Debug|Any CPU
		Release|Any CPU = Release|Any CPU
	EndGlobalSection
	GlobalSection(ProjectConfigurationPlatforms) = postSolution
		{612EC860-5B3D-4B27-8E3F-4FABB68A6FA5}.Debug|Any CPU.ActiveCfg = Debug|Any CPU
		{612EC860-5B3D-4B27-8E3F-4FABB68A6FA5}.Debug|Any CPU.Build.0 = Debug|Any CPU
		{612EC860-5B3D-4B27-8E3F-4FABB68A6FA5}.Release|Any CPU.ActiveCfg = Release|Any CPU
		{612EC860-5B3D-4B27-8E3F-4FABB68A6FA5}.Release|Any CPU.Build.0 = Release|Any CPU
		{36E1E1C1-290E-4B90-95FD-61BAD11AF3CB}.Debug|Any CPU.ActiveCfg = Debug|Any CPU
		{36E1E1C1-290E-4B90-95FD-61BAD11AF3CB}.Debug|Any CPU.Build.0 = Debug|Any CPU
		{36E1E1C1-290E-4B90-95FD-61BAD11AF3CB}.Release|Any CPU.ActiveCfg = Release|Any CPU
		{36E1E1C1-290E-4B90-95FD-61BAD11AF3CB}.Release|Any CPU.Build.0 = Release|Any CPU
		{B3D4D530-1F26-4451-B1D8-521CFAA0B231}.Debug|Any CPU.ActiveCfg = Debug|Any CPU
		{B3D4D530-1F26-4451-B1D8-521CFAA0B231}.Debug|Any CPU.Build.0 = Debug|Any CPU
		{B3D4D530-1F26-4451-B1D8-521CFAA0B231}.Release|Any CPU.ActiveCfg = Release|Any CPU
		{B3D4D530-1F26-4451-B1D8-521CFAA0B231}.Release|Any CPU.Build.0 = Release|Any CPU
		{2F954A2C-1383-4808-84F3-CC59E084D5BB}.Debug|Any CPU.ActiveCfg = Debug|Any CPU
		{2F954A2C-1383-4808-84F3-CC59E084D5BB}.Debug|Any CPU.Build.0 = Debug|Any CPU
		{2F954A2C-1383-4808-84F3-CC59E084D5BB}.Release|Any CPU.ActiveCfg = Release|Any CPU
		{2F954A2C-1383-4808-84F3-CC59E084D5BB}.Release|Any CPU.Build.0 = Release|Any CPU
	EndGlobalSection
	GlobalSection(SolutionProperties) = preSolution
		HideSolutionNode = FALSE
	EndGlobalSection
	GlobalSection(ExtensibilityGlobals) = postSolution
		SolutionGuid = {5CC65EEB-29FB-48AE-9086-70ED0024CBC0}
	EndGlobalSection
EndGlobal
